// !$*UTF8*$!
{
	archiveVersion = 1;
	classes = {
	};
	objectVersion = 48;
	objects = {

/* Begin PBXBuildFile section */
		E78579BE1FBA3846003F907A /* AppDelegate.swift in Sources */ = {isa = PBXBuildFile; fileRef = E78579BD1FBA3846003F907A /* AppDelegate.swift */; };
		E78579C01FBA3846003F907A /* ViewController.swift in Sources */ = {isa = PBXBuildFile; fileRef = E78579BF1FBA3846003F907A /* ViewController.swift */; };
		E78579C31FBA3846003F907A /* Main.storyboard in Resources */ = {isa = PBXBuildFile; fileRef = E78579C11FBA3846003F907A /* Main.storyboard */; };
		E78579C51FBA3846003F907A /* Assets.xcassets in Resources */ = {isa = PBXBuildFile; fileRef = E78579C41FBA3846003F907A /* Assets.xcassets */; };
		E78579C81FBA3846003F907A /* LaunchScreen.storyboard in Resources */ = {isa = PBXBuildFile; fileRef = E78579C61FBA3846003F907A /* LaunchScreen.storyboard */; };
		E78579D31FBA3846003F907A /* userCheckingPracticeTests.swift in Sources */ = {isa = PBXBuildFile; fileRef = E78579D21FBA3846003F907A /* userCheckingPracticeTests.swift */; };
/* End PBXBuildFile section */

/* Begin PBXContainerItemProxy section */
		E78579CF1FBA3846003F907A /* PBXContainerItemProxy */ = {
			isa = PBXContainerItemProxy;
			containerPortal = E78579B21FBA3846003F907A /* Project object */;
			proxyType = 1;
			remoteGlobalIDString = E78579B91FBA3846003F907A;
			remoteInfo = userCheckingPractice;
		};
/* End PBXContainerItemProxy section */

/* Begin PBXFileReference section */
		E78579BA1FBA3846003F907A /* userCheckingPractice.app */ = {isa = PBXFileReference; explicitFileType = wrapper.application; includeInIndex = 0; path = userCheckingPractice.app; sourceTree = BUILT_PRODUCTS_DIR; };
		E78579BD1FBA3846003F907A /* AppDelegate.swift */ = {isa = PBXFileReference; lastKnownFileType = sourcecode.swift; path = AppDelegate.swift; sourceTree = "<group>"; };
		E78579BF1FBA3846003F907A /* ViewController.swift */ = {isa = PBXFileReference; lastKnownFileType = sourcecode.swift; path = ViewController.swift; sourceTree = "<group>"; };
		E78579C21FBA3846003F907A /* Base */ = {isa = PBXFileReference; lastKnownFileType = file.storyboard; name = Base; path = Base.lproj/Main.storyboard; sourceTree = "<group>"; };
		E78579C41FBA3846003F907A /* Assets.xcassets */ = {isa = PBXFileReference; lastKnownFileType = folder.assetcatalog; path = Assets.xcassets; sourceTree = "<group>"; };
		E78579C71FBA3846003F907A /* Base */ = {isa = PBXFileReference; lastKnownFileType = file.storyboard; name = Base; path = Base.lproj/LaunchScreen.storyboard; sourceTree = "<group>"; };
		E78579C91FBA3846003F907A /* Info.plist */ = {isa = PBXFileReference; lastKnownFileType = text.plist.xml; path = Info.plist; sourceTree = "<group>"; };
		E78579CE1FBA3846003F907A /* userCheckingPracticeTests.xctest */ = {isa = PBXFileReference; explicitFileType = wrapper.cfbundle; includeInIndex = 0; path = userCheckingPracticeTests.xctest; sourceTree = BUILT_PRODUCTS_DIR; };
		E78579D21FBA3846003F907A /* userCheckingPracticeTests.swift */ = {isa = PBXFileReference; lastKnownFileType = sourcecode.swift; path = userCheckingPracticeTests.swift; sourceTree = "<group>"; };
		E78579D41FBA3846003F907A /* Info.plist */ = {isa = PBXFileReference; lastKnownFileType = text.plist.xml; path = Info.plist; sourceTree = "<group>"; };
/* End PBXFileReference section */

/* Begin PBXFrameworksBuildPhase section */
		E78579B71FBA3846003F907A /* Frameworks */ = {
			isa = PBXFrameworksBuildPhase;
			buildActionMask = 2147483647;
			files = (
			);
			runOnlyForDeploymentPostprocessing = 0;
		};
		E78579CB1FBA3846003F907A /* Frameworks */ = {
			isa = PBXFrameworksBuildPhase;
			buildActionMask = 2147483647;
			files = (
			);
			runOnlyForDeploymentPostprocessing = 0;
		};
/* End PBXFrameworksBuildPhase section */

/* Begin PBXGroup section */
		E78579B11FBA3846003F907A = {
			isa = PBXGroup;
			children = (
				E78579BC1FBA3846003F907A /* userCheckingPractice */,
				E78579D11FBA3846003F907A /* userCheckingPracticeTests */,
				E78579BB1FBA3846003F907A /* Products */,
			);
			sourceTree = "<group>";
		};
		E78579BB1FBA3846003F907A /* Products */ = {
			isa = PBXGroup;
			children = (
				E78579BA1FBA3846003F907A /* userCheckingPractice.app */,
				E78579CE1FBA3846003F907A /* userCheckingPracticeTests.xctest */,
			);
			name = Products;
			sourceTree = "<group>";
		};
		E78579BC1FBA3846003F907A /* userCheckingPractice */ = {
			isa = PBXGroup;
			children = (
				E78579BD1FBA3846003F907A /* AppDelegate.swift */,
				E78579BF1FBA3846003F907A /* ViewController.swift */,
				E78579C11FBA3846003F907A /* Main.storyboard */,
				E78579C41FBA3846003F907A /* Assets.xcassets */,
				E78579C61FBA3846003F907A /* LaunchScreen.storyboard */,
				E78579C91FBA3846003F907A /* Info.plist */,
			);
			path = userCheckingPractice;
			sourceTree = "<group>";
		};
		E78579D11FBA3846003F907A /* userCheckingPracticeTests */ = {
			isa = PBXGroup;
			children = (
				E78579D21FBA3846003F907A /* userCheckingPracticeTests.swift */,
				E78579D41FBA3846003F907A /* Info.plist */,
			);
			path = userCheckingPracticeTests;
			sourceTree = "<group>";
		};
/* End PBXGroup section */

/* Begin PBXNativeTarget section */
		E78579B91FBA3846003F907A /* userCheckingPractice */ = {
			isa = PBXNativeTarget;
			buildConfigurationList = E78579D71FBA3846003F907A /* Build configuration list for PBXNativeTarget "userCheckingPractice" */;
			buildPhases = (
				E78579B61FBA3846003F907A /* Sources */,
				E78579B71FBA3846003F907A /* Frameworks */,
				E78579B81FBA3846003F907A /* Resources */,
			);
			buildRules = (
			);
			dependencies = (
			);
			name = userCheckingPractice;
			productName = userCheckingPractice;
			productReference = E78579BA1FBA3846003F907A /* userCheckingPractice.app */;
			productType = "com.apple.product-type.application";
		};
		E78579CD1FBA3846003F907A /* userCheckingPracticeTests */ = {
			isa = PBXNativeTarget;
			buildConfigurationList = E78579DA1FBA3846003F907A /* Build configuration list for PBXNativeTarget "userCheckingPracticeTests" */;
			buildPhases = (
				E78579CA1FBA3846003F907A /* Sources */,
				E78579CB1FBA3846003F907A /* Frameworks */,
				E78579CC1FBA3846003F907A /* Resources */,
			);
			buildRules = (
			);
			dependencies = (
				E78579D01FBA3846003F907A /* PBXTargetDependency */,
			);
			name = userCheckingPracticeTests;
			productName = userCheckingPracticeTests;
			productReference = E78579CE1FBA3846003F907A /* userCheckingPracticeTests.xctest */;
			productType = "com.apple.product-type.bundle.unit-test";
		};
/* End PBXNativeTarget section */

/* Begin PBXProject section */
		E78579B21FBA3846003F907A /* Project object */ = {
			isa = PBXProject;
			attributes = {
				LastSwiftUpdateCheck = 0900;
				LastUpgradeCheck = 0900;
				ORGANIZATIONNAME = moeCodes;
				TargetAttributes = {
					E78579B91FBA3846003F907A = {
						CreatedOnToolsVersion = 9.0;
						ProvisioningStyle = Automatic;
					};
					E78579CD1FBA3846003F907A = {
						CreatedOnToolsVersion = 9.0;
						ProvisioningStyle = Automatic;
						TestTargetID = E78579B91FBA3846003F907A;
					};
				};
			};
			buildConfigurationList = E78579B51FBA3846003F907A /* Build configuration list for PBXProject "userCheckingPractice" */;
			compatibilityVersion = "Xcode 8.0";
			developmentRegion = en;
			hasScannedForEncodings = 0;
			knownRegions = (
				en,
				Base,
			);
			mainGroup = E78579B11FBA3846003F907A;
			productRefGroup = E78579BB1FBA3846003F907A /* Products */;
			projectDirPath = "";
			projectRoot = "";
			targets = (
				E78579B91FBA3846003F907A /* userCheckingPractice */,
				E78579CD1FBA3846003F907A /* userCheckingPracticeTests */,
			);
		};
/* End PBXProject section */

/* Begin PBXResourcesBuildPhase section */
		E78579B81FBA3846003F907A /* Resources */ = {
			isa = PBXResourcesBuildPhase;
			buildActionMask = 2147483647;
			files = (
				E78579C81FBA3846003F907A /* LaunchScreen.storyboard in Resources */,
				E78579C51FBA3846003F907A /* Assets.xcassets in Resources */,
				E78579C31FBA3846003F907A /* Main.storyboard in Resources */,
			);
			runOnlyForDeploymentPostprocessing = 0;
		};
		E78579CC1FBA3846003F907A /* Resources */ = {
			isa = PBXResourcesBuildPhase;
			buildActionMask = 2147483647;
			files = (
			);
			runOnlyForDeploymentPostprocessing = 0;
		};
/* End PBXResourcesBuildPhase section */

/* Begin PBXSourcesBuildPhase section */
		E78579B61FBA3846003F907A /* Sources */ = {
			isa = PBXSourcesBuildPhase;
			buildActionMask = 2147483647;
			files = (
				E78579C01FBA3846003F907A /* ViewController.swift in Sources */,
				E78579BE1FBA3846003F907A /* AppDelegate.swift in Sources */,
			);
			runOnlyForDeploymentPostprocessing = 0;
		};
		E78579CA1FBA3846003F907A /* Sources */ = {
			isa = PBXSourcesBuildPhase;
			buildActionMask = 2147483647;
			files = (
				E78579D31FBA3846003F907A /* userCheckingPracticeTests.swift in Sources */,
			);
			runOnlyForDeploymentPostprocessing = 0;
		};
/* End PBXSourcesBuildPhase section */

/* Begin PBXTargetDependency section */
		E78579D01FBA3846003F907A /* PBXTargetDependency */ = {
			isa = PBXTargetDependency;
			target = E78579B91FBA3846003F907A /* userCheckingPractice */;
			targetProxy = E78579CF1FBA3846003F907A /* PBXContainerItemProxy */;
		};
/* End PBXTargetDependency section */

/* Begin PBXVariantGroup section */
		E78579C11FBA3846003F907A /* Main.storyboard */ = {
			isa = PBXVariantGroup;
			children = (
				E78579C21FBA3846003F907A /* Base */,
			);
			name = Main.storyboard;
			sourceTree = "<group>";
		};
		E78579C61FBA3846003F907A /* LaunchScreen.storyboard */ = {
			isa = PBXVariantGroup;
			children = (
				E78579C71FBA3846003F907A /* Base */,
			);
			name = LaunchScreen.storyboard;
			sourceTree = "<group>";
		};
/* End PBXVariantGroup section */

/* Begin XCBuildConfiguration section */
		E78579D51FBA3846003F907A /* Debug */ = {
			isa = XCBuildConfiguration;
			buildSettings = {
				ALWAYS_SEARCH_USER_PATHS = NO;
				CLANG_ANALYZER_NONNULL = YES;
				CLANG_ANALYZER_NUMBER_OBJECT_CONVERSION = YES_AGGRESSIVE;
				CLANG_CXX_LANGUAGE_STANDARD = "gnu++14";
				CLANG_CXX_LIBRARY = "libc++";
				CLANG_ENABLE_MODULES = YES;
				CLANG_ENABLE_OBJC_ARC = YES;
				CLANG_WARN_BLOCK_CAPTURE_AUTORELEASING = YES;
				CLANG_WARN_BOOL_CONVERSION = YES;
				CLANG_WARN_COMMA = YES;
				CLANG_WARN_CONSTANT_CONVERSION = YES;
				CLANG_WARN_DIRECT_OBJC_ISA_USAGE = YES_ERROR;
				CLANG_WARN_DOCUMENTATION_COMMENTS = YES;
				CLANG_WARN_EMPTY_BODY = YES;
				CLANG_WARN_ENUM_CONVERSION = YES;
				CLANG_WARN_INFINITE_RECURSION = YES;
				CLANG_WARN_INT_CONVERSION = YES;
				CLANG_WARN_NON_LITERAL_NULL_CONVERSION = YES;
				CLANG_WARN_OBJC_LITERAL_CONVERSION = YES;
				CLANG_WARN_OBJC_ROOT_CLASS = YES_ERROR;
				CLANG_WARN_RANGE_LOOP_ANALYSIS = YES;
				CLANG_WARN_STRICT_PROTOTYPES = YES;
				CLANG_WARN_SUSPICIOUS_MOVE = YES;
				CLANG_WARN_UNGUARDED_AVAILABILITY = YES_AGGRESSIVE;
				CLANG_WARN_UNREACHABLE_CODE = YES;
				CLANG_WARN__DUPLICATE_METHOD_MATCH = YES;
				CODE_SIGN_IDENTITY = "iPhone Developer";
				COPY_PHASE_STRIP = NO;
				DEBUG_INFORMATION_FORMAT = dwarf;
				ENABLE_STRICT_OBJC_MSGSEND = YES;
				ENABLE_TESTABILITY = YES;
				GCC_C_LANGUAGE_STANDARD = gnu11;
				GCC_DYNAMIC_NO_PIC = NO;
				GCC_NO_COMMON_BLOCKS = YES;
				GCC_OPTIMIZATION_LEVEL = 0;
				GCC_PREPROCESSOR_DEFINITIONS = (
					"DEBUG=1",
					"$(inherited)",
				);
				GCC_WARN_64_TO_32_BIT_CONVERSION = YES;
				GCC_WARN_ABOUT_RETURN_TYPE = YES_ERROR;
				GCC_WARN_UNDECLARED_SELECTOR = YES;
				GCC_WARN_UNINITIALIZED_AUTOS = YES_AGGRESSIVE;
				GCC_WARN_UNUSED_FUNCTION = YES;
				GCC_WARN_UNUSED_VARIABLE = YES;
				IPHONEOS_DEPLOYMENT_TARGET = 11.0;
				MTL_ENABLE_DEBUG_INFO = YES;
				ONLY_ACTIVE_ARCH = YES;
				SDKROOT = iphoneos;
				SWIFT_ACTIVE_COMPILATION_CONDITIONS = DEBUG;
				SWIFT_OPTIMIZATION_LEVEL = "-Onone";
			};
			name = Debug;
		};
		E78579D61FBA3846003F907A /* Release */ = {
			isa = XCBuildConfiguration;
			buildSettings = {
				ALWAYS_SEARCH_USER_PATHS = NO;
				CLANG_ANALYZER_NONNULL = YES;
				CLANG_ANALYZER_NUMBER_OBJECT_CONVERSION = YES_AGGRESSIVE;
				CLANG_CXX_LANGUAGE_STANDARD = "gnu++14";
				CLANG_CXX_LIBRARY = "libc++";
				CLANG_ENABLE_MODULES = YES;
				CLANG_ENABLE_OBJC_ARC = YES;
				CLANG_WARN_BLOCK_CAPTURE_AUTORELEASING = YES;
				CLANG_WARN_BOOL_CONVERSION = YES;
				CLANG_WARN_COMMA = YES;
				CLANG_WARN_CONSTANT_CONVERSION = YES;
				CLANG_WARN_DIRECT_OBJC_ISA_USAGE = YES_ERROR;
				CLANG_WARN_DOCUMENTATION_COMMENTS = YES;
				CLANG_WARN_EMPTY_BODY = YES;
				CLANG_WARN_ENUM_CONVERSION = YES;
				CLANG_WARN_INFINITE_RECURSION = YES;
				CLANG_WARN_INT_CONVERSION = YES;
				CLANG_WARN_NON_LITERAL_NULL_CONVERSION = YES;
				CLANG_WARN_OBJC_LITERAL_CONVERSION = YES;
				CLANG_WARN_OBJC_ROOT_CLASS = YES_ERROR;
				CLANG_WARN_RANGE_LOOP_ANALYSIS = YES;
				CLANG_WARN_STRICT_PROTOTYPES = YES;
				CLANG_WARN_SUSPICIOUS_MOVE = YES;
				CLANG_WARN_UNGUARDED_AVAILABILITY = YES_AGGRESSIVE;
				CLANG_WARN_UNREACHABLE_CODE = YES;
				CLANG_WARN__DUPLICATE_METHOD_MATCH = YES;
				CODE_SIGN_IDENTITY = "iPhone Developer";
				COPY_PHASE_STRIP = NO;
				DEBUG_INFORMATION_FORMAT = "dwarf-with-dsym";
				ENABLE_NS_ASSERTIONS = NO;
				ENABLE_STRICT_OBJC_MSGSEND = YES;
				GCC_C_LANGUAGE_STANDARD = gnu11;
				GCC_NO_COMMON_BLOCKS = YES;
				GCC_WARN_64_TO_32_BIT_CONVERSION = YES;
				GCC_WARN_ABOUT_RETURN_TYPE = YES_ERROR;
				GCC_WARN_UNDECLARED_SELECTOR = YES;
				GCC_WARN_UNINITIALIZED_AUTOS = YES_AGGRESSIVE;
				GCC_WARN_UNUSED_FUNCTION = YES;
				GCC_WARN_UNUSED_VARIABLE = YES;
				IPHONEOS_DEPLOYMENT_TARGET = 11.0;
				MTL_ENABLE_DEBUG_INFO = NO;
				SDKROOT = iphoneos;
				SWIFT_OPTIMIZATION_LEVEL = "-Owholemodule";
				VALIDATE_PRODUCT = YES;
			};
			name = Release;
		};
		E78579D81FBA3846003F907A /* Debug */ = {
			isa = XCBuildConfiguration;
			buildSettings = {
				ASSETCATALOG_COMPILER_APPICON_NAME = AppIcon;
				CODE_SIGN_STYLE = Automatic;
				INFOPLIST_FILE = userCheckingPractice/Info.plist;
				LD_RUNPATH_SEARCH_PATHS = "$(inherited) @executable_path/Frameworks";
				PRODUCT_BUNDLE_IDENTIFIER = com.moeCodes.userCheckingPractice;
				PRODUCT_NAME = "$(TARGET_NAME)";
				SWIFT_VERSION = 4.0;
				TARGETED_DEVICE_FAMILY = "1,2";
			};
			name = Debug;
		};
		E78579D91FBA3846003F907A /* Release */ = {
			isa = XCBuildConfiguration;
			buildSettings = {
				ASSETCATALOG_COMPILER_APPICON_NAME = AppIcon;
				CODE_SIGN_STYLE = Automatic;
				INFOPLIST_FILE = userCheckingPractice/Info.plist;
				LD_RUNPATH_SEARCH_PATHS = "$(inherited) @executable_path/Frameworks";
				PRODUCT_BUNDLE_IDENTIFIER = com.moeCodes.userCheckingPractice;
				PRODUCT_NAME = "$(TARGET_NAME)";
				SWIFT_VERSION = 4.0;
				TARGETED_DEVICE_FAMILY = "1,2";
			};
			name = Release;
		};
		E78579DB1FBA3846003F907A /* Debug */ = {
			isa = XCBuildConfiguration;
			buildSettings = {
				ALWAYS_EMBED_SWIFT_STANDARD_LIBRARIES = YES;
				BUNDLE_LOADER = "$(TEST_HOST)";
				CODE_SIGN_STYLE = Automatic;
				INFOPLIST_FILE = userCheckingPracticeTests/Info.plist;
				LD_RUNPATH_SEARCH_PATHS = "$(inherited) @executable_path/Frameworks @loader_path/Frameworks";
				PRODUCT_BUNDLE_IDENTIFIER = com.moeCodes.userCheckingPracticeTests;
				PRODUCT_NAME = "$(TARGET_NAME)";
				SWIFT_VERSION = 4.0;
				TARGETED_DEVICE_FAMILY = "1,2";
				TEST_HOST = "$(BUILT_PRODUCTS_DIR)/userCheckingPractice.app/userCheckingPractice";
			};
			name = Debug;
		};
		E78579DC1FBA3846003F907A /* Release */ = {
			isa = XCBuildConfiguration;
			buildSettings = {
				ALWAYS_EMBED_SWIFT_STANDARD_LIBRARIES = YES;
				BUNDLE_LOADER = "$(TEST_HOST)";
				CODE_SIGN_STYLE = Automatic;
				INFOPLIST_FILE = userCheckingPracticeTests/Info.plist;
				LD_RUNPATH_SEARCH_PATHS = "$(inherited) @executable_path/Frameworks @loader_path/Frameworks";
				PRODUCT_BUNDLE_IDENTIFIER = com.moeCodes.userCheckingPracticeTests;
				PRODUCT_NAME = "$(TARGET_NAME)";
				SWIFT_VERSION = 4.0;
				TARGETED_DEVICE_FAMILY = "1,2";
				TEST_HOST = "$(BUILT_PRODUCTS_DIR)/userCheckingPractice.app/userCheckingPractice";
			};
			name = Release;
		};
/* End XCBuildConfiguration section */

/* Begin XCConfigurationList section */
		E78579B51FBA3846003F907A /* Build configuration list for PBXProject "userCheckingPractice" */ = {
			isa = XCConfigurationList;
			buildConfigurations = (
				E78579D51FBA3846003F907A /* Debug */,
				E78579D61FBA3846003F907A /* Release */,
			);
			defaultConfigurationIsVisible = 0;
			defaultConfigurationName = Release;
		};
		E78579D71FBA3846003F907A /* Build configuration list for PBXNativeTarget "userCheckingPractice" */ = {
			isa = XCConfigurationList;
			buildConfigurations = (
				E78579D81FBA3846003F907A /* Debug */,
				E78579D91FBA3846003F907A /* Release */,
			);
			defaultConfigurationIsVisible = 0;
			defaultConfigurationName = Release;
		};
		E78579DA1FBA3846003F907A /* Build configuration list for PBXNativeTarget "userCheckingPracticeTests" */ = {
			isa = XCConfigurationList;
			buildConfigurations = (
				E78579DB1FBA3846003F907A /* Debug */,
				E78579DC1FBA3846003F907A /* Release */,
			);
			defaultConfigurationIsVisible = 0;
			defaultConfigurationName = Release;
		};
/* End XCConfigurationList section */
	};
	rootObject = E78579B21FBA3846003F907A /* Project object */;
}
